{
  "name": "examples",
  "version": "0.1.0",
  "lockfileVersion": 1,
  "requires": true,
  "dependencies": {
    "bs-number-to-words": {
      "version": "file:..",
      "requires": {
        "number-to-words": "^1.2.4"
      }
    },
    "bs-platform": {
      "version": "5.0.6",
      "dev": true
    }
  }
}
